
Microsoft Visual Studio Solution File, Format Version 12.00
# Visual Studio Version 17
VisualStudioVersion = 17.14.36301.6 d17.14
MinimumVisualStudioVersion = 10.0.40219.1
Project("{8BC9CEB8-8B4A-11D0-8D11-00A0C91BC942}") = "integrated-server", "integrated-server\integrated-server.vcxproj", "{6081C2B3-F49C-4936-8C1C-DD9E7102D592}"
EndProject
Global
	GlobalSection(SolutionConfigurationPlatforms) = preSolution
		Debug|x64 = Debug|x64
		Debug|x86 = Debug|x86
		Release|x64 = Release|x64
		Release|x86 = Release|x86
	EndGlobalSection
	GlobalSection(ProjectConfigurationPlatforms) = postSolution
		{6081C2B3-F49C-4936-8C1C-DD9E7102D592}.Debug|x64.ActiveCfg = Debug|x64
		{6081C2B3-F49C-4936-8C1C-DD9E7102D592}.Debug|x64.Build.0 = Debug|x64
		{6081C2B3-F49C-4936-8C1C-DD9E7102D592}.Debug|x86.ActiveCfg = Debug|Win32
		{6081C2B3-F49C-4936-8C1C-DD9E7102D592}.Debug|x86.Build.0 = Debug|Win32
		{6081C2B3-F49C-4936-8C1C-DD9E7102D592}.Release|x64.ActiveCfg = Release|x64
		{6081C2B3-F49C-4936-8C1C-DD9E7102D592}.Release|x64.Build.0 = Release|x64
		{6081C2B3-F49C-4936-8C1C-DD9E7102D592}.Release|x86.ActiveCfg = Release|Win32
		{6081C2B3-F49C-4936-8C1C-DD9E7102D592}.Release|x86.Build.0 = Release|Win32
	EndGlobalSection
	GlobalSection(SolutionProperties) = preSolution
		HideSolutionNode = FALSE
	EndGlobalSection
	GlobalSection(ExtensibilityGlobals) = postSolution
		SolutionGuid = {81C954EA-2C5F-4098-A138-33609A000F07}
	EndGlobalSection
EndGlobal
